
Microsoft Visual Studio Solution File, Format Version 12.00
# Visual Studio 2012
Project("{FAE04EC0-301F-11D3-BF4B-00C04F79EFBC}") = "1A. Fills and prints a matrix", "Multidimensional-Arrays\1A. Fills and prints a matrix.csproj", "{A9F301F7-7064-44B8-8889-99BA10D0852D}"
EndProject
Project("{FAE04EC0-301F-11D3-BF4B-00C04F79EFBC}") = "1B. Fills and prints a matrix", "2. Fills and prints a matrix\1B. Fills and prints a matrix.csproj", "{2EE27B70-6C33-46D2-9865-35487EA0A5A4}"
EndProject
Project("{FAE04EC0-301F-11D3-BF4B-00C04F79EFBC}") = "1C. Fills and prints a matrix", "1C. Fills and prints a matrix\1C. Fills and prints a matrix.csproj", "{63224347-3825-4D3C-9FFD-1A255E4092AB}"
EndProject
Project("{FAE04EC0-301F-11D3-BF4B-00C04F79EFBC}") = "1D. Fills and prints a matrix", "1D. Fills and prints a matrix\1D. Fills and prints a matrix.csproj", "{294C02E3-BCD2-4B6F-9258-7AF30E715936}"
EndProject
Project("{FAE04EC0-301F-11D3-BF4B-00C04F79EFBC}") = "2. Rectangular matrix", "2. Rectangular matrix\2. Rectangular matrix.csproj", "{A2761F5C-8FED-4C69-A2B3-824720F66C91}"
EndProject
Project("{FAE04EC0-301F-11D3-BF4B-00C04F79EFBC}") = "3. Sequences in the matrix", "3. Sequences in the matrix\3. Sequences in the matrix.csproj", "{3FC5769E-1EA8-4674-8371-79B86D04F4CE}"
EndProject
Project("{FAE04EC0-301F-11D3-BF4B-00C04F79EFBC}") = "4. Array.BinSearch()", "4. Array.BinSearch()\4. Array.BinSearch().csproj", "{1538E9ED-66D1-4BCE-B0F6-0A3B671D188C}"
EndProject
Project("{FAE04EC0-301F-11D3-BF4B-00C04F79EFBC}") = "5. Method that sorts", "5. Method that sorts\5. Method that sorts.csproj", "{7E7AC76E-5DB1-4CBF-AD0E-97B1E26D436F}"
EndProject
Project("{FAE04EC0-301F-11D3-BF4B-00C04F79EFBC}") = "6. Class Matrix", "6. Class Matrix\6. Class Matrix.csproj", "{DD07EF59-B7A8-4332-9142-D577B66C4942}"
EndProject
Project("{FAE04EC0-301F-11D3-BF4B-00C04F79EFBC}") = "7. Depth-first search", "7. Depth-first search\7. Depth-first search.csproj", "{0B005015-A6A4-4EAF-B915-A60F89DAB6AE}"
EndProject
Global
	GlobalSection(SolutionConfigurationPlatforms) = preSolution
		Debug|Any CPU = Debug|Any CPU
		Release|Any CPU = Release|Any CPU
	EndGlobalSection
	GlobalSection(ProjectConfigurationPlatforms) = postSolution
		{A9F301F7-7064-44B8-8889-99BA10D0852D}.Debug|Any CPU.ActiveCfg = Debug|Any CPU
		{A9F301F7-7064-44B8-8889-99BA10D0852D}.Debug|Any CPU.Build.0 = Debug|Any CPU
		{A9F301F7-7064-44B8-8889-99BA10D0852D}.Release|Any CPU.ActiveCfg = Release|Any CPU
		{A9F301F7-7064-44B8-8889-99BA10D0852D}.Release|Any CPU.Build.0 = Release|Any CPU
		{2EE27B70-6C33-46D2-9865-35487EA0A5A4}.Debug|Any CPU.ActiveCfg = Debug|Any CPU
		{2EE27B70-6C33-46D2-9865-35487EA0A5A4}.Debug|Any CPU.Build.0 = Debug|Any CPU
		{2EE27B70-6C33-46D2-9865-35487EA0A5A4}.Release|Any CPU.ActiveCfg = Release|Any CPU
		{2EE27B70-6C33-46D2-9865-35487EA0A5A4}.Release|Any CPU.Build.0 = Release|Any CPU
		{63224347-3825-4D3C-9FFD-1A255E4092AB}.Debug|Any CPU.ActiveCfg = Debug|Any CPU
		{63224347-3825-4D3C-9FFD-1A255E4092AB}.Debug|Any CPU.Build.0 = Debug|Any CPU
		{63224347-3825-4D3C-9FFD-1A255E4092AB}.Release|Any CPU.ActiveCfg = Release|Any CPU
		{63224347-3825-4D3C-9FFD-1A255E4092AB}.Release|Any CPU.Build.0 = Release|Any CPU
		{294C02E3-BCD2-4B6F-9258-7AF30E715936}.Debug|Any CPU.ActiveCfg = Debug|Any CPU
		{294C02E3-BCD2-4B6F-9258-7AF30E715936}.Debug|Any CPU.Build.0 = Debug|Any CPU
		{294C02E3-BCD2-4B6F-9258-7AF30E715936}.Release|Any CPU.ActiveCfg = Release|Any CPU
		{294C02E3-BCD2-4B6F-9258-7AF30E715936}.Release|Any CPU.Build.0 = Release|Any CPU
		{A2761F5C-8FED-4C69-A2B3-824720F66C91}.Debug|Any CPU.ActiveCfg = Debug|Any CPU
		{A2761F5C-8FED-4C69-A2B3-824720F66C91}.Debug|Any CPU.Build.0 = Debug|Any CPU
		{A2761F5C-8FED-4C69-A2B3-824720F66C91}.Release|Any CPU.ActiveCfg = Release|Any CPU
		{A2761F5C-8FED-4C69-A2B3-824720F66C91}.Release|Any CPU.Build.0 = Release|Any CPU
		{3FC5769E-1EA8-4674-8371-79B86D04F4CE}.Debug|Any CPU.ActiveCfg = Debug|Any CPU
		{3FC5769E-1EA8-4674-8371-79B86D04F4CE}.Debug|Any CPU.Build.0 = Debug|Any CPU
		{3FC5769E-1EA8-4674-8371-79B86D04F4CE}.Release|Any CPU.ActiveCfg = Release|Any CPU
		{3FC5769E-1EA8-4674-8371-79B86D04F4CE}.Release|Any CPU.Build.0 = Release|Any CPU
		{1538E9ED-66D1-4BCE-B0F6-0A3B671D188C}.Debug|Any CPU.ActiveCfg = Debug|Any CPU
		{1538E9ED-66D1-4BCE-B0F6-0A3B671D188C}.Debug|Any CPU.Build.0 = Debug|Any CPU
		{1538E9ED-66D1-4BCE-B0F6-0A3B671D188C}.Release|Any CPU.ActiveCfg = Release|Any CPU
		{1538E9ED-66D1-4BCE-B0F6-0A3B671D188C}.Release|Any CPU.Build.0 = Release|Any CPU
		{7E7AC76E-5DB1-4CBF-AD0E-97B1E26D436F}.Debug|Any CPU.ActiveCfg = Debug|Any CPU
		{7E7AC76E-5DB1-4CBF-AD0E-97B1E26D436F}.Debug|Any CPU.Build.0 = Debug|Any CPU
		{7E7AC76E-5DB1-4CBF-AD0E-97B1E26D436F}.Release|Any CPU.ActiveCfg = Release|Any CPU
		{7E7AC76E-5DB1-4CBF-AD0E-97B1E26D436F}.Release|Any CPU.Build.0 = Release|Any CPU
		{DD07EF59-B7A8-4332-9142-D577B66C4942}.Debug|Any CPU.ActiveCfg = Debug|Any CPU
		{DD07EF59-B7A8-4332-9142-D577B66C4942}.Debug|Any CPU.Build.0 = Debug|Any CPU
		{DD07EF59-B7A8-4332-9142-D577B66C4942}.Release|Any CPU.ActiveCfg = Release|Any CPU
		{DD07EF59-B7A8-4332-9142-D577B66C4942}.Release|Any CPU.Build.0 = Release|Any CPU
		{0B005015-A6A4-4EAF-B915-A60F89DAB6AE}.Debug|Any CPU.ActiveCfg = Debug|Any CPU
		{0B005015-A6A4-4EAF-B915-A60F89DAB6AE}.Debug|Any CPU.Build.0 = Debug|Any CPU
		{0B005015-A6A4-4EAF-B915-A60F89DAB6AE}.Release|Any CPU.ActiveCfg = Release|Any CPU
		{0B005015-A6A4-4EAF-B915-A60F89DAB6AE}.Release|Any CPU.Build.0 = Release|Any CPU
	EndGlobalSection
	GlobalSection(SolutionProperties) = preSolution
		HideSolutionNode = FALSE
	EndGlobalSection
EndGlobal
