
Microsoft Visual Studio Solution File, Format Version 12.00
# Visual Studio 2012
Project("{FAE04EC0-301F-11D3-BF4B-00C04F79EFBC}") = "1. Decimal to binary", "Numeral-Systems\1. Decimal to binary.csproj", "{853BC634-5893-4C82-A4DA-8AE305913B59}"
EndProject
Project("{FAE04EC0-301F-11D3-BF4B-00C04F79EFBC}") = "2. Binary to decimal", "2. Binary to decimal\2. Binary to decimal.csproj", "{284C3896-F136-49E9-A5FD-A3BCCE68688B}"
EndProject
Project("{FAE04EC0-301F-11D3-BF4B-00C04F79EFBC}") = "3. Decimal to hexadecimal", "3. Decimal to hexadecimal\3. Decimal to hexadecimal.csproj", "{CFE526CE-24ED-41EB-9C9B-A5BEA939CD06}"
EndProject
Project("{FAE04EC0-301F-11D3-BF4B-00C04F79EFBC}") = "4. Hexadecimal to decimal", "4. Hexadecimal to decimal\4. Hexadecimal to decimal.csproj", "{BEF7BE0F-8BFF-4A7F-A646-78BC4C50EF29}"
EndProject
Project("{FAE04EC0-301F-11D3-BF4B-00C04F79EFBC}") = "5. Hexadecimal to binary", "5. Hexadecimal to binary\5. Hexadecimal to binary.csproj", "{35EA90E0-C4B1-4BF9-B5FA-2F8BDD6D125C}"
EndProject
Project("{FAE04EC0-301F-11D3-BF4B-00C04F79EFBC}") = "6. Binary to hexadecimal", "6. Binary to hexadecimal\6. Binary to hexadecimal.csproj", "{F7A73EFC-56E3-4BE0-BCFA-6F1455FAA63D}"
EndProject
Project("{FAE04EC0-301F-11D3-BF4B-00C04F79EFBC}") = "7. from 2 to 16 to base", "7. from 2 to 16 to base\7. from 2 to 16 to base.csproj", "{C13F5A58-27EF-48BD-BCE5-E15A40FD3C42}"
EndProject
Project("{FAE04EC0-301F-11D3-BF4B-00C04F79EFBC}") = "8. 16-bit signed integer", "8. 16-bit signed integer\8. 16-bit signed integer.csproj", "{EE0F669F-190A-4558-B301-E66B65D7C7BF}"
EndProject
Global
	GlobalSection(SolutionConfigurationPlatforms) = preSolution
		Debug|Any CPU = Debug|Any CPU
		Release|Any CPU = Release|Any CPU
	EndGlobalSection
	GlobalSection(ProjectConfigurationPlatforms) = postSolution
		{853BC634-5893-4C82-A4DA-8AE305913B59}.Debug|Any CPU.ActiveCfg = Debug|Any CPU
		{853BC634-5893-4C82-A4DA-8AE305913B59}.Debug|Any CPU.Build.0 = Debug|Any CPU
		{853BC634-5893-4C82-A4DA-8AE305913B59}.Release|Any CPU.ActiveCfg = Release|Any CPU
		{853BC634-5893-4C82-A4DA-8AE305913B59}.Release|Any CPU.Build.0 = Release|Any CPU
		{284C3896-F136-49E9-A5FD-A3BCCE68688B}.Debug|Any CPU.ActiveCfg = Debug|Any CPU
		{284C3896-F136-49E9-A5FD-A3BCCE68688B}.Debug|Any CPU.Build.0 = Debug|Any CPU
		{284C3896-F136-49E9-A5FD-A3BCCE68688B}.Release|Any CPU.ActiveCfg = Release|Any CPU
		{284C3896-F136-49E9-A5FD-A3BCCE68688B}.Release|Any CPU.Build.0 = Release|Any CPU
		{CFE526CE-24ED-41EB-9C9B-A5BEA939CD06}.Debug|Any CPU.ActiveCfg = Debug|Any CPU
		{CFE526CE-24ED-41EB-9C9B-A5BEA939CD06}.Debug|Any CPU.Build.0 = Debug|Any CPU
		{CFE526CE-24ED-41EB-9C9B-A5BEA939CD06}.Release|Any CPU.ActiveCfg = Release|Any CPU
		{CFE526CE-24ED-41EB-9C9B-A5BEA939CD06}.Release|Any CPU.Build.0 = Release|Any CPU
		{BEF7BE0F-8BFF-4A7F-A646-78BC4C50EF29}.Debug|Any CPU.ActiveCfg = Debug|Any CPU
		{BEF7BE0F-8BFF-4A7F-A646-78BC4C50EF29}.Debug|Any CPU.Build.0 = Debug|Any CPU
		{BEF7BE0F-8BFF-4A7F-A646-78BC4C50EF29}.Release|Any CPU.ActiveCfg = Release|Any CPU
		{BEF7BE0F-8BFF-4A7F-A646-78BC4C50EF29}.Release|Any CPU.Build.0 = Release|Any CPU
		{35EA90E0-C4B1-4BF9-B5FA-2F8BDD6D125C}.Debug|Any CPU.ActiveCfg = Debug|Any CPU
		{35EA90E0-C4B1-4BF9-B5FA-2F8BDD6D125C}.Debug|Any CPU.Build.0 = Debug|Any CPU
		{35EA90E0-C4B1-4BF9-B5FA-2F8BDD6D125C}.Release|Any CPU.ActiveCfg = Release|Any CPU
		{35EA90E0-C4B1-4BF9-B5FA-2F8BDD6D125C}.Release|Any CPU.Build.0 = Release|Any CPU
		{F7A73EFC-56E3-4BE0-BCFA-6F1455FAA63D}.Debug|Any CPU.ActiveCfg = Debug|Any CPU
		{F7A73EFC-56E3-4BE0-BCFA-6F1455FAA63D}.Debug|Any CPU.Build.0 = Debug|Any CPU
		{F7A73EFC-56E3-4BE0-BCFA-6F1455FAA63D}.Release|Any CPU.ActiveCfg = Release|Any CPU
		{F7A73EFC-56E3-4BE0-BCFA-6F1455FAA63D}.Release|Any CPU.Build.0 = Release|Any CPU
		{C13F5A58-27EF-48BD-BCE5-E15A40FD3C42}.Debug|Any CPU.ActiveCfg = Debug|Any CPU
		{C13F5A58-27EF-48BD-BCE5-E15A40FD3C42}.Debug|Any CPU.Build.0 = Debug|Any CPU
		{C13F5A58-27EF-48BD-BCE5-E15A40FD3C42}.Release|Any CPU.ActiveCfg = Release|Any CPU
		{C13F5A58-27EF-48BD-BCE5-E15A40FD3C42}.Release|Any CPU.Build.0 = Release|Any CPU
		{EE0F669F-190A-4558-B301-E66B65D7C7BF}.Debug|Any CPU.ActiveCfg = Debug|Any CPU
		{EE0F669F-190A-4558-B301-E66B65D7C7BF}.Debug|Any CPU.Build.0 = Debug|Any CPU
		{EE0F669F-190A-4558-B301-E66B65D7C7BF}.Release|Any CPU.ActiveCfg = Release|Any CPU
		{EE0F669F-190A-4558-B301-E66B65D7C7BF}.Release|Any CPU.Build.0 = Release|Any CPU
	EndGlobalSection
	GlobalSection(SolutionProperties) = preSolution
		HideSolutionNode = FALSE
	EndGlobalSection
EndGlobal
